
Microsoft Visual Studio Solution File, Format Version 12.00
# Visual Studio Version 17
VisualStudioVersion = 17.14.36202.13 d17.14
MinimumVisualStudioVersion = 10.0.40219.1
Project("{FAE04EC0-301F-11D3-BF4B-00C04F79EFBC}") = "WPF", "WPF\WPF.csproj", "{236ACBB5-BB7B-418F-ABEA-7D0BD790506B}"
EndProject
Project("{FAE04EC0-301F-11D3-BF4B-00C04F79EFBC}") = "BAL", "BAL\BAL.csproj", "{0F55EA91-F47E-4D49-8D91-0D1F02873304}"
EndProject
Project("{FAE04EC0-301F-11D3-BF4B-00C04F79EFBC}") = "DAL", "DAL\DAL.csproj", "{DD578692-0C82-4315-AA58-0A00F397827B}"
EndProject
Global
	GlobalSection(SolutionConfigurationPlatforms) = preSolution
		Debug|Any CPU = Debug|Any CPU
		Release|Any CPU = Release|Any CPU
	EndGlobalSection
	GlobalSection(ProjectConfigurationPlatforms) = postSolution
		{236ACBB5-BB7B-418F-ABEA-7D0BD790506B}.Debug|Any CPU.ActiveCfg = Debug|Any CPU
		{236ACBB5-BB7B-418F-ABEA-7D0BD790506B}.Debug|Any CPU.Build.0 = Debug|Any CPU
		{236ACBB5-BB7B-418F-ABEA-7D0BD790506B}.Release|Any CPU.ActiveCfg = Release|Any CPU
		{236ACBB5-BB7B-418F-ABEA-7D0BD790506B}.Release|Any CPU.Build.0 = Release|Any CPU
		{0F55EA91-F47E-4D49-8D91-0D1F02873304}.Debug|Any CPU.ActiveCfg = Debug|Any CPU
		{0F55EA91-F47E-4D49-8D91-0D1F02873304}.Debug|Any CPU.Build.0 = Debug|Any CPU
		{0F55EA91-F47E-4D49-8D91-0D1F02873304}.Release|Any CPU.ActiveCfg = Release|Any CPU
		{0F55EA91-F47E-4D49-8D91-0D1F02873304}.Release|Any CPU.Build.0 = Release|Any CPU
		{DD578692-0C82-4315-AA58-0A00F397827B}.Debug|Any CPU.ActiveCfg = Debug|Any CPU
		{DD578692-0C82-4315-AA58-0A00F397827B}.Debug|Any CPU.Build.0 = Debug|Any CPU
		{DD578692-0C82-4315-AA58-0A00F397827B}.Release|Any CPU.ActiveCfg = Release|Any CPU
		{DD578692-0C82-4315-AA58-0A00F397827B}.Release|Any CPU.Build.0 = Release|Any CPU
	EndGlobalSection
	GlobalSection(SolutionProperties) = preSolution
		HideSolutionNode = FALSE
	EndGlobalSection
	GlobalSection(ExtensibilityGlobals) = postSolution
		SolutionGuid = {FC02BF88-9B3B-4A9B-9C0E-CF4023F8CE23}
	EndGlobalSection
EndGlobal
